// !$*UTF8*$!
{
	archiveVersion = 1;
	classes = {
	};
	objectVersion = 50;
	objects = {

/* Begin PBXBuildFile section */
		20269BB09623173BBF178DF7 /* Pods_Egg_Timer_PrototypeUITests.framework in Frameworks */ = {isa = PBXBuildFile; fileRef = 97E5065D9AC19F19D929A147 /* Pods_Egg_Timer_PrototypeUITests.framework */; };
		A93E764626BA5DF44882D3C1 /* Pods_Egg_Timer_PrototypeTests.framework in Frameworks */ = {isa = PBXBuildFile; fileRef = 13BB0BA50E59683FFA0A9BC9 /* Pods_Egg_Timer_PrototypeTests.framework */; };
		D803A6AA359E05E5F2447708 /* Pods_Egg_Timer_Prototype.framework in Frameworks */ = {isa = PBXBuildFile; fileRef = E2D095A790DBE3ED7BD0E6FD /* Pods_Egg_Timer_Prototype.framework */; };
		F00A41A620CBF97200CD5F72 /* MainViewController.swift in Sources */ = {isa = PBXBuildFile; fileRef = F00A41A520CBF97200CD5F72 /* MainViewController.swift */; };
		F00A41AF20CC035F00CD5F72 /* RoundedButton.swift in Sources */ = {isa = PBXBuildFile; fileRef = F00A41AE20CC035F00CD5F72 /* RoundedButton.swift */; };
		F00A41B120CC05D700CD5F72 /* BoilRoundedButton.swift in Sources */ = {isa = PBXBuildFile; fileRef = F00A41B020CC05D700CD5F72 /* BoilRoundedButton.swift */; };
		F00A41B320CC07BB00CD5F72 /* CircularRoundedButton.swift in Sources */ = {isa = PBXBuildFile; fileRef = F00A41B220CC07BB00CD5F72 /* CircularRoundedButton.swift */; };
		F00A41B520D19C2700CD5F72 /* Egg.swift in Sources */ = {isa = PBXBuildFile; fileRef = F00A41B420D19C2700CD5F72 /* Egg.swift */; };
		F00A41BB20D1A20E00CD5F72 /* EggSelector.xib in Resources */ = {isa = PBXBuildFile; fileRef = F00A41BA20D1A20E00CD5F72 /* EggSelector.xib */; };
		F00A41BD20D1A3E700CD5F72 /* EggSelector.swift in Sources */ = {isa = PBXBuildFile; fileRef = F00A41BC20D1A3E700CD5F72 /* EggSelector.swift */; };
		F03C69FE2127234500F53482 /* ProgramaticViewController.swift in Sources */ = {isa = PBXBuildFile; fileRef = F03C69FD2127234500F53482 /* ProgramaticViewController.swift */; };
		F03C6A00212E094900F53482 /* UIColor+Extension.swift in Sources */ = {isa = PBXBuildFile; fileRef = F03C69FF212E094900F53482 /* UIColor+Extension.swift */; };
		F04C218620E90748006584E8 /* SettingsViewController.swift in Sources */ = {isa = PBXBuildFile; fileRef = F04C218520E90748006584E8 /* SettingsViewController.swift */; };
		F05D523D20D55178009D7BB3 /* UIPageControl+Extension.swift in Sources */ = {isa = PBXBuildFile; fileRef = F05D523C20D55177009D7BB3 /* UIPageControl+Extension.swift */; };
		F05D523F20D5523E009D7BB3 /* Constants.swift in Sources */ = {isa = PBXBuildFile; fileRef = F05D523E20D5523E009D7BB3 /* Constants.swift */; };
		F05D524120D567B6009D7BB3 /* DoneViewController.swift in Sources */ = {isa = PBXBuildFile; fileRef = F05D524020D567B6009D7BB3 /* DoneViewController.swift */; };
		F05D524320D9A2E1009D7BB3 /* UIView+Extension.swift in Sources */ = {isa = PBXBuildFile; fileRef = F05D524220D9A2E1009D7BB3 /* UIView+Extension.swift */; };
		F092531A213C68BB00CE9355 /* DoneScreenView.swift in Sources */ = {isa = PBXBuildFile; fileRef = F0925319213C68BB00CE9355 /* DoneScreenView.swift */; };
		F09F844D212710A60033D09C /* Guidance.swift in Sources */ = {isa = PBXBuildFile; fileRef = F09F844C212710A60033D09C /* Guidance.swift */; };
		F09F844F212710D40033D09C /* Guidance.xib in Resources */ = {isa = PBXBuildFile; fileRef = F09F844E212710D40033D09C /* Guidance.xib */; };
		F0C188102125823800D43E4E /* Eggs.swift in Sources */ = {isa = PBXBuildFile; fileRef = F0C1880F2125823800D43E4E /* Eggs.swift */; };
		F0C25C0120CBD1CA009F4455 /* AppDelegate.swift in Sources */ = {isa = PBXBuildFile; fileRef = F0C25C0020CBD1CA009F4455 /* AppDelegate.swift */; };
		F0C25C0620CBD1CA009F4455 /* Main.storyboard in Resources */ = {isa = PBXBuildFile; fileRef = F0C25C0420CBD1CA009F4455 /* Main.storyboard */; };
		F0C25C0820CBD1CC009F4455 /* Assets.xcassets in Resources */ = {isa = PBXBuildFile; fileRef = F0C25C0720CBD1CC009F4455 /* Assets.xcassets */; };
		F0C25C0B20CBD1CC009F4455 /* LaunchScreen.storyboard in Resources */ = {isa = PBXBuildFile; fileRef = F0C25C0920CBD1CC009F4455 /* LaunchScreen.storyboard */; };
		F0C25C1620CBD1CC009F4455 /* Egg_Timer_PrototypeTests.swift in Sources */ = {isa = PBXBuildFile; fileRef = F0C25C1520CBD1CC009F4455 /* Egg_Timer_PrototypeTests.swift */; };
		F0C25C2120CBD1CC009F4455 /* Egg_Timer_PrototypeUITests.swift in Sources */ = {isa = PBXBuildFile; fileRef = F0C25C2020CBD1CC009F4455 /* Egg_Timer_PrototypeUITests.swift */; };
		F0F252FB20E2BFF10097B4F7 /* UNService.swift in Sources */ = {isa = PBXBuildFile; fileRef = F0F252FA20E2BFF10097B4F7 /* UNService.swift */; };
/* End PBXBuildFile section */

/* Begin PBXContainerItemProxy section */
		F0C25C1220CBD1CC009F4455 /* PBXContainerItemProxy */ = {
			isa = PBXContainerItemProxy;
			containerPortal = F0C25BF520CBD1CA009F4455 /* Project object */;
			proxyType = 1;
			remoteGlobalIDString = F0C25BFC20CBD1CA009F4455;
			remoteInfo = "Egg Timer Prototype";
		};
		F0C25C1D20CBD1CC009F4455 /* PBXContainerItemProxy */ = {
			isa = PBXContainerItemProxy;
			containerPortal = F0C25BF520CBD1CA009F4455 /* Project object */;
			proxyType = 1;
			remoteGlobalIDString = F0C25BFC20CBD1CA009F4455;
			remoteInfo = "Egg Timer Prototype";
		};
/* End PBXContainerItemProxy section */

/* Begin PBXFileReference section */
		0BFEC8AFB7A5E47D693A2DAB /* Pods-Egg Timer PrototypeTests.debug.xcconfig */ = {isa = PBXFileReference; includeInIndex = 1; lastKnownFileType = text.xcconfig; name = "Pods-Egg Timer PrototypeTests.debug.xcconfig"; path = "Pods/Target Support Files/Pods-Egg Timer PrototypeTests/Pods-Egg Timer PrototypeTests.debug.xcconfig"; sourceTree = "<group>"; };
		11F23EB1227EE76ED0C4E65F /* Pods-Egg Timer PrototypeUITests.debug.xcconfig */ = {isa = PBXFileReference; includeInIndex = 1; lastKnownFileType = text.xcconfig; name = "Pods-Egg Timer PrototypeUITests.debug.xcconfig"; path = "Pods/Target Support Files/Pods-Egg Timer PrototypeUITests/Pods-Egg Timer PrototypeUITests.debug.xcconfig"; sourceTree = "<group>"; };
		13BB0BA50E59683FFA0A9BC9 /* Pods_Egg_Timer_PrototypeTests.framework */ = {isa = PBXFileReference; explicitFileType = wrapper.framework; includeInIndex = 0; path = Pods_Egg_Timer_PrototypeTests.framework; sourceTree = BUILT_PRODUCTS_DIR; };
		3338886AF5B3E614A0213357 /* Pods-Egg Timer Prototype.debug.xcconfig */ = {isa = PBXFileReference; includeInIndex = 1; lastKnownFileType = text.xcconfig; name = "Pods-Egg Timer Prototype.debug.xcconfig"; path = "Pods/Target Support Files/Pods-Egg Timer Prototype/Pods-Egg Timer Prototype.debug.xcconfig"; sourceTree = "<group>"; };
		91510AD16CED9415581188C6 /* Pods-Egg Timer Prototype.release.xcconfig */ = {isa = PBXFileReference; includeInIndex = 1; lastKnownFileType = text.xcconfig; name = "Pods-Egg Timer Prototype.release.xcconfig"; path = "Pods/Target Support Files/Pods-Egg Timer Prototype/Pods-Egg Timer Prototype.release.xcconfig"; sourceTree = "<group>"; };
		97E5065D9AC19F19D929A147 /* Pods_Egg_Timer_PrototypeUITests.framework */ = {isa = PBXFileReference; explicitFileType = wrapper.framework; includeInIndex = 0; path = Pods_Egg_Timer_PrototypeUITests.framework; sourceTree = BUILT_PRODUCTS_DIR; };
		B69AEE497A8FBFBEB73154DE /* Pods-Egg Timer PrototypeTests.release.xcconfig */ = {isa = PBXFileReference; includeInIndex = 1; lastKnownFileType = text.xcconfig; name = "Pods-Egg Timer PrototypeTests.release.xcconfig"; path = "Pods/Target Support Files/Pods-Egg Timer PrototypeTests/Pods-Egg Timer PrototypeTests.release.xcconfig"; sourceTree = "<group>"; };
		E2D095A790DBE3ED7BD0E6FD /* Pods_Egg_Timer_Prototype.framework */ = {isa = PBXFileReference; explicitFileType = wrapper.framework; includeInIndex = 0; path = Pods_Egg_Timer_Prototype.framework; sourceTree = BUILT_PRODUCTS_DIR; };
		F00A41A520CBF97200CD5F72 /* MainViewController.swift */ = {isa = PBXFileReference; fileEncoding = 4; lastKnownFileType = sourcecode.swift; path = MainViewController.swift; sourceTree = "<group>"; };
		F00A41AE20CC035F00CD5F72 /* RoundedButton.swift */ = {isa = PBXFileReference; fileEncoding = 4; lastKnownFileType = sourcecode.swift; name = RoundedButton.swift; path = "../../../../../Desktop/maths-app/View/RoundedButton.swift"; sourceTree = "<group>"; };
		F00A41B020CC05D700CD5F72 /* BoilRoundedButton.swift */ = {isa = PBXFileReference; lastKnownFileType = sourcecode.swift; path = BoilRoundedButton.swift; sourceTree = "<group>"; };
		F00A41B220CC07BB00CD5F72 /* CircularRoundedButton.swift */ = {isa = PBXFileReference; lastKnownFileType = sourcecode.swift; path = CircularRoundedButton.swift; sourceTree = "<group>"; };
		F00A41B420D19C2700CD5F72 /* Egg.swift */ = {isa = PBXFileReference; lastKnownFileType = sourcecode.swift; path = Egg.swift; sourceTree = "<group>"; };
		F00A41BA20D1A20E00CD5F72 /* EggSelector.xib */ = {isa = PBXFileReference; lastKnownFileType = file.xib; path = EggSelector.xib; sourceTree = "<group>"; };
		F00A41BC20D1A3E700CD5F72 /* EggSelector.swift */ = {isa = PBXFileReference; lastKnownFileType = sourcecode.swift; path = EggSelector.swift; sourceTree = "<group>"; };
		F03C69FD2127234500F53482 /* ProgramaticViewController.swift */ = {isa = PBXFileReference; lastKnownFileType = sourcecode.swift; path = ProgramaticViewController.swift; sourceTree = "<group>"; };
		F03C69FF212E094900F53482 /* UIColor+Extension.swift */ = {isa = PBXFileReference; lastKnownFileType = sourcecode.swift; path = "UIColor+Extension.swift"; sourceTree = "<group>"; };
		F04C218520E90748006584E8 /* SettingsViewController.swift */ = {isa = PBXFileReference; lastKnownFileType = sourcecode.swift; path = SettingsViewController.swift; sourceTree = "<group>"; };
		F05D523C20D55177009D7BB3 /* UIPageControl+Extension.swift */ = {isa = PBXFileReference; lastKnownFileType = sourcecode.swift; path = "UIPageControl+Extension.swift"; sourceTree = "<group>"; };
		F05D523E20D5523E009D7BB3 /* Constants.swift */ = {isa = PBXFileReference; lastKnownFileType = sourcecode.swift; path = Constants.swift; sourceTree = "<group>"; };
		F05D524020D567B6009D7BB3 /* DoneViewController.swift */ = {isa = PBXFileReference; lastKnownFileType = sourcecode.swift; path = DoneViewController.swift; sourceTree = "<group>"; };
		F05D524220D9A2E1009D7BB3 /* UIView+Extension.swift */ = {isa = PBXFileReference; lastKnownFileType = sourcecode.swift; path = "UIView+Extension.swift"; sourceTree = "<group>"; };
		F0925319213C68BB00CE9355 /* DoneScreenView.swift */ = {isa = PBXFileReference; lastKnownFileType = sourcecode.swift; path = DoneScreenView.swift; sourceTree = "<group>"; };
		F09F844C212710A60033D09C /* Guidance.swift */ = {isa = PBXFileReference; lastKnownFileType = sourcecode.swift; path = Guidance.swift; sourceTree = "<group>"; };
		F09F844E212710D40033D09C /* Guidance.xib */ = {isa = PBXFileReference; lastKnownFileType = file.xib; path = Guidance.xib; sourceTree = "<group>"; };
		F0C1880F2125823800D43E4E /* Eggs.swift */ = {isa = PBXFileReference; lastKnownFileType = sourcecode.swift; path = Eggs.swift; sourceTree = "<group>"; };
		F0C25BFD20CBD1CA009F4455 /* Egg Timer Prototype.app */ = {isa = PBXFileReference; explicitFileType = wrapper.application; includeInIndex = 0; path = "Egg Timer Prototype.app"; sourceTree = BUILT_PRODUCTS_DIR; };
		F0C25C0020CBD1CA009F4455 /* AppDelegate.swift */ = {isa = PBXFileReference; lastKnownFileType = sourcecode.swift; path = AppDelegate.swift; sourceTree = "<group>"; };
		F0C25C0520CBD1CA009F4455 /* Base */ = {isa = PBXFileReference; lastKnownFileType = file.storyboard; name = Base; path = Base.lproj/Main.storyboard; sourceTree = "<group>"; };
		F0C25C0720CBD1CC009F4455 /* Assets.xcassets */ = {isa = PBXFileReference; lastKnownFileType = folder.assetcatalog; path = Assets.xcassets; sourceTree = "<group>"; };
		F0C25C0A20CBD1CC009F4455 /* Base */ = {isa = PBXFileReference; lastKnownFileType = file.storyboard; name = Base; path = Base.lproj/LaunchScreen.storyboard; sourceTree = "<group>"; };
		F0C25C0C20CBD1CC009F4455 /* Info.plist */ = {isa = PBXFileReference; lastKnownFileType = text.plist.xml; path = Info.plist; sourceTree = "<group>"; };
		F0C25C1120CBD1CC009F4455 /* Egg Timer PrototypeTests.xctest */ = {isa = PBXFileReference; explicitFileType = wrapper.cfbundle; includeInIndex = 0; path = "Egg Timer PrototypeTests.xctest"; sourceTree = BUILT_PRODUCTS_DIR; };
		F0C25C1520CBD1CC009F4455 /* Egg_Timer_PrototypeTests.swift */ = {isa = PBXFileReference; lastKnownFileType = sourcecode.swift; path = Egg_Timer_PrototypeTests.swift; sourceTree = "<group>"; };
		F0C25C1720CBD1CC009F4455 /* Info.plist */ = {isa = PBXFileReference; lastKnownFileType = text.plist.xml; path = Info.plist; sourceTree = "<group>"; };
		F0C25C1C20CBD1CC009F4455 /* Egg Timer PrototypeUITests.xctest */ = {isa = PBXFileReference; explicitFileType = wrapper.cfbundle; includeInIndex = 0; path = "Egg Timer PrototypeUITests.xctest"; sourceTree = BUILT_PRODUCTS_DIR; };
		F0C25C2020CBD1CC009F4455 /* Egg_Timer_PrototypeUITests.swift */ = {isa = PBXFileReference; lastKnownFileType = sourcecode.swift; path = Egg_Timer_PrototypeUITests.swift; sourceTree = "<group>"; };
		F0C25C2220CBD1CC009F4455 /* Info.plist */ = {isa = PBXFileReference; lastKnownFileType = text.plist.xml; path = Info.plist; sourceTree = "<group>"; };
		F0F252FA20E2BFF10097B4F7 /* UNService.swift */ = {isa = PBXFileReference; lastKnownFileType = sourcecode.swift; path = UNService.swift; sourceTree = "<group>"; };
		F9E125B8658B88629EAC5B84 /* Pods-Egg Timer PrototypeUITests.release.xcconfig */ = {isa = PBXFileReference; includeInIndex = 1; lastKnownFileType = text.xcconfig; name = "Pods-Egg Timer PrototypeUITests.release.xcconfig"; path = "Pods/Target Support Files/Pods-Egg Timer PrototypeUITests/Pods-Egg Timer PrototypeUITests.release.xcconfig"; sourceTree = "<group>"; };
/* End PBXFileReference section */

/* Begin PBXFrameworksBuildPhase section */
		F0C25BFA20CBD1CA009F4455 /* Frameworks */ = {
			isa = PBXFrameworksBuildPhase;
			buildActionMask = 2147483647;
			files = (
				D803A6AA359E05E5F2447708 /* Pods_Egg_Timer_Prototype.framework in Frameworks */,
			);
			runOnlyForDeploymentPostprocessing = 0;
		};
		F0C25C0E20CBD1CC009F4455 /* Frameworks */ = {
			isa = PBXFrameworksBuildPhase;
			buildActionMask = 2147483647;
			files = (
				A93E764626BA5DF44882D3C1 /* Pods_Egg_Timer_PrototypeTests.framework in Frameworks */,
			);
			runOnlyForDeploymentPostprocessing = 0;
		};
		F0C25C1920CBD1CC009F4455 /* Frameworks */ = {
			isa = PBXFrameworksBuildPhase;
			buildActionMask = 2147483647;
			files = (
				20269BB09623173BBF178DF7 /* Pods_Egg_Timer_PrototypeUITests.framework in Frameworks */,
			);
			runOnlyForDeploymentPostprocessing = 0;
		};
/* End PBXFrameworksBuildPhase section */

/* Begin PBXGroup section */
		29CCBC621B9FBE9B8ACA2639 /* Pods */ = {
			isa = PBXGroup;
			children = (
				3338886AF5B3E614A0213357 /* Pods-Egg Timer Prototype.debug.xcconfig */,
				91510AD16CED9415581188C6 /* Pods-Egg Timer Prototype.release.xcconfig */,
				0BFEC8AFB7A5E47D693A2DAB /* Pods-Egg Timer PrototypeTests.debug.xcconfig */,
				B69AEE497A8FBFBEB73154DE /* Pods-Egg Timer PrototypeTests.release.xcconfig */,
				11F23EB1227EE76ED0C4E65F /* Pods-Egg Timer PrototypeUITests.debug.xcconfig */,
				F9E125B8658B88629EAC5B84 /* Pods-Egg Timer PrototypeUITests.release.xcconfig */,
			);
			name = Pods;
			sourceTree = "<group>";
		};
		57918749EB06D7E44973EBC8 /* Frameworks */ = {
			isa = PBXGroup;
			children = (
				E2D095A790DBE3ED7BD0E6FD /* Pods_Egg_Timer_Prototype.framework */,
				13BB0BA50E59683FFA0A9BC9 /* Pods_Egg_Timer_PrototypeTests.framework */,
				97E5065D9AC19F19D929A147 /* Pods_Egg_Timer_PrototypeUITests.framework */,
			);
			name = Frameworks;
			sourceTree = "<group>";
		};
		F00A41A720CC025F00CD5F72 /* Controllers */ = {
			isa = PBXGroup;
			children = (
				F0C25C0020CBD1CA009F4455 /* AppDelegate.swift */,
				F04C218520E90748006584E8 /* SettingsViewController.swift */,
				F00A41A520CBF97200CD5F72 /* MainViewController.swift */,
				F05D524020D567B6009D7BB3 /* DoneViewController.swift */,
				F03C69FD2127234500F53482 /* ProgramaticViewController.swift */,
			);
			path = Controllers;
			sourceTree = "<group>";
		};
		F00A41A820CC026800CD5F72 /* Models */ = {
			isa = PBXGroup;
			children = (
				F00A41B420D19C2700CD5F72 /* Egg.swift */,
				F0C1880F2125823800D43E4E /* Eggs.swift */,
			);
			path = Models;
			sourceTree = "<group>";
		};
		F00A41A920CC026D00CD5F72 /* View */ = {
			isa = PBXGroup;
			children = (
				F0C25C0420CBD1CA009F4455 /* Main.storyboard */,
				F0C25C0920CBD1CC009F4455 /* LaunchScreen.storyboard */,
				F0C25C0720CBD1CC009F4455 /* Assets.xcassets */,
				F00A41AE20CC035F00CD5F72 /* RoundedButton.swift */,
				F00A41B020CC05D700CD5F72 /* BoilRoundedButton.swift */,
				F00A41B220CC07BB00CD5F72 /* CircularRoundedButton.swift */,
				F00A41BA20D1A20E00CD5F72 /* EggSelector.xib */,
				F00A41BC20D1A3E700CD5F72 /* EggSelector.swift */,
				F09F844C212710A60033D09C /* Guidance.swift */,
				F09F844E212710D40033D09C /* Guidance.xib */,
				F0925319213C68BB00CE9355 /* DoneScreenView.swift */,
			);
			path = View;
			sourceTree = "<group>";
		};
		F05D523B20D55157009D7BB3 /* Extensions */ = {
			isa = PBXGroup;
			children = (
				F05D523C20D55177009D7BB3 /* UIPageControl+Extension.swift */,
				F05D524220D9A2E1009D7BB3 /* UIView+Extension.swift */,
				F03C69FF212E094900F53482 /* UIColor+Extension.swift */,
			);
			path = Extensions;
			sourceTree = "<group>";
		};
		F0C25BF420CBD1CA009F4455 = {
			isa = PBXGroup;
			children = (
				F0C25BFF20CBD1CA009F4455 /* Egg Timer Prototype */,
				F0C25C1420CBD1CC009F4455 /* Egg Timer PrototypeTests */,
				F0C25C1F20CBD1CC009F4455 /* Egg Timer PrototypeUITests */,
				F0C25BFE20CBD1CA009F4455 /* Products */,
				29CCBC621B9FBE9B8ACA2639 /* Pods */,
				57918749EB06D7E44973EBC8 /* Frameworks */,
			);
			sourceTree = "<group>";
		};
		F0C25BFE20CBD1CA009F4455 /* Products */ = {
			isa = PBXGroup;
			children = (
				F0C25BFD20CBD1CA009F4455 /* Egg Timer Prototype.app */,
				F0C25C1120CBD1CC009F4455 /* Egg Timer PrototypeTests.xctest */,
				F0C25C1C20CBD1CC009F4455 /* Egg Timer PrototypeUITests.xctest */,
			);
			name = Products;
			sourceTree = "<group>";
		};
		F0C25BFF20CBD1CA009F4455 /* Egg Timer Prototype */ = {
			isa = PBXGroup;
			children = (
				F0F252F720E2BD780097B4F7 /* Services */,
				F05D523B20D55157009D7BB3 /* Extensions */,
				F00A41A920CC026D00CD5F72 /* View */,
				F00A41A820CC026800CD5F72 /* Models */,
				F00A41A720CC025F00CD5F72 /* Controllers */,
				F0C25C0C20CBD1CC009F4455 /* Info.plist */,
				F05D523E20D5523E009D7BB3 /* Constants.swift */,
			);
			path = "Egg Timer Prototype";
			sourceTree = "<group>";
		};
		F0C25C1420CBD1CC009F4455 /* Egg Timer PrototypeTests */ = {
			isa = PBXGroup;
			children = (
				F0C25C1520CBD1CC009F4455 /* Egg_Timer_PrototypeTests.swift */,
				F0C25C1720CBD1CC009F4455 /* Info.plist */,
			);
			path = "Egg Timer PrototypeTests";
			sourceTree = "<group>";
		};
		F0C25C1F20CBD1CC009F4455 /* Egg Timer PrototypeUITests */ = {
			isa = PBXGroup;
			children = (
				F0C25C2020CBD1CC009F4455 /* Egg_Timer_PrototypeUITests.swift */,
				F0C25C2220CBD1CC009F4455 /* Info.plist */,
			);
			path = "Egg Timer PrototypeUITests";
			sourceTree = "<group>";
		};
		F0F252F720E2BD780097B4F7 /* Services */ = {
			isa = PBXGroup;
			children = (
				F0F252FA20E2BFF10097B4F7 /* UNService.swift */,
			);
			path = Services;
			sourceTree = "<group>";
		};
/* End PBXGroup section */

/* Begin PBXNativeTarget section */
		F0C25BFC20CBD1CA009F4455 /* Egg Timer Prototype */ = {
			isa = PBXNativeTarget;
			buildConfigurationList = F0C25C2520CBD1CC009F4455 /* Build configuration list for PBXNativeTarget "Egg Timer Prototype" */;
			buildPhases = (
				1770A0940A03199AB95F63DD /* [CP] Check Pods Manifest.lock */,
				F0C25BF920CBD1CA009F4455 /* Sources */,
				F0C25BFA20CBD1CA009F4455 /* Frameworks */,
				F0C25BFB20CBD1CA009F4455 /* Resources */,
				49C731C1E7D48026B5E741A7 /* [CP] Embed Pods Frameworks */,
			);
			buildRules = (
			);
			dependencies = (
			);
			name = "Egg Timer Prototype";
			productName = "Egg Timer Prototype";
			productReference = F0C25BFD20CBD1CA009F4455 /* Egg Timer Prototype.app */;
			productType = "com.apple.product-type.application";
		};
		F0C25C1020CBD1CC009F4455 /* Egg Timer PrototypeTests */ = {
			isa = PBXNativeTarget;
			buildConfigurationList = F0C25C2820CBD1CC009F4455 /* Build configuration list for PBXNativeTarget "Egg Timer PrototypeTests" */;
			buildPhases = (
				C587F9F01C04663D834F7875 /* [CP] Check Pods Manifest.lock */,
				F0C25C0D20CBD1CC009F4455 /* Sources */,
				F0C25C0E20CBD1CC009F4455 /* Frameworks */,
				F0C25C0F20CBD1CC009F4455 /* Resources */,
			);
			buildRules = (
			);
			dependencies = (
				F0C25C1320CBD1CC009F4455 /* PBXTargetDependency */,
			);
			name = "Egg Timer PrototypeTests";
			productName = "Egg Timer PrototypeTests";
			productReference = F0C25C1120CBD1CC009F4455 /* Egg Timer PrototypeTests.xctest */;
			productType = "com.apple.product-type.bundle.unit-test";
		};
		F0C25C1B20CBD1CC009F4455 /* Egg Timer PrototypeUITests */ = {
			isa = PBXNativeTarget;
			buildConfigurationList = F0C25C2B20CBD1CC009F4455 /* Build configuration list for PBXNativeTarget "Egg Timer PrototypeUITests" */;
			buildPhases = (
				691F037A8506AFA8DE0A95EC /* [CP] Check Pods Manifest.lock */,
				F0C25C1820CBD1CC009F4455 /* Sources */,
				F0C25C1920CBD1CC009F4455 /* Frameworks */,
				F0C25C1A20CBD1CC009F4455 /* Resources */,
			);
			buildRules = (
			);
			dependencies = (
				F0C25C1E20CBD1CC009F4455 /* PBXTargetDependency */,
			);
			name = "Egg Timer PrototypeUITests";
			productName = "Egg Timer PrototypeUITests";
			productReference = F0C25C1C20CBD1CC009F4455 /* Egg Timer PrototypeUITests.xctest */;
			productType = "com.apple.product-type.bundle.ui-testing";
		};
/* End PBXNativeTarget section */

/* Begin PBXProject section */
		F0C25BF520CBD1CA009F4455 /* Project object */ = {
			isa = PBXProject;
			attributes = {
				LastSwiftUpdateCheck = 0930;
				LastUpgradeCheck = 0930;
				ORGANIZATIONNAME = landahoy55;
				TargetAttributes = {
					F0C25BFC20CBD1CA009F4455 = {
						CreatedOnToolsVersion = 9.3;
					};
					F0C25C1020CBD1CC009F4455 = {
						CreatedOnToolsVersion = 9.3;
						TestTargetID = F0C25BFC20CBD1CA009F4455;
					};
					F0C25C1B20CBD1CC009F4455 = {
						CreatedOnToolsVersion = 9.3;
						TestTargetID = F0C25BFC20CBD1CA009F4455;
					};
				};
			};
			buildConfigurationList = F0C25BF820CBD1CA009F4455 /* Build configuration list for PBXProject "Egg Timer Prototype" */;
			compatibilityVersion = "Xcode 9.3";
			developmentRegion = en;
			hasScannedForEncodings = 0;
			knownRegions = (
				en,
				Base,
			);
			mainGroup = F0C25BF420CBD1CA009F4455;
			productRefGroup = F0C25BFE20CBD1CA009F4455 /* Products */;
			projectDirPath = "";
			projectRoot = "";
			targets = (
				F0C25BFC20CBD1CA009F4455 /* Egg Timer Prototype */,
				F0C25C1020CBD1CC009F4455 /* Egg Timer PrototypeTests */,
				F0C25C1B20CBD1CC009F4455 /* Egg Timer PrototypeUITests */,
			);
		};
/* End PBXProject section */

/* Begin PBXResourcesBuildPhase section */
		F0C25BFB20CBD1CA009F4455 /* Resources */ = {
			isa = PBXResourcesBuildPhase;
			buildActionMask = 2147483647;
			files = (
				F00A41BB20D1A20E00CD5F72 /* EggSelector.xib in Resources */,
				F0C25C0B20CBD1CC009F4455 /* LaunchScreen.storyboard in Resources */,
				F09F844F212710D40033D09C /* Guidance.xib in Resources */,
				F0C25C0820CBD1CC009F4455 /* Assets.xcassets in Resources */,
				F0C25C0620CBD1CA009F4455 /* Main.storyboard in Resources */,
			);
			runOnlyForDeploymentPostprocessing = 0;
		};
		F0C25C0F20CBD1CC009F4455 /* Resources */ = {
			isa = PBXResourcesBuildPhase;
			buildActionMask = 2147483647;
			files = (
			);
			runOnlyForDeploymentPostprocessing = 0;
		};
		F0C25C1A20CBD1CC009F4455 /* Resources */ = {
			isa = PBXResourcesBuildPhase;
			buildActionMask = 2147483647;
			files = (
			);
			runOnlyForDeploymentPostprocessing = 0;
		};
/* End PBXResourcesBuildPhase section */

/* Begin PBXShellScriptBuildPhase section */
		1770A0940A03199AB95F63DD /* [CP] Check Pods Manifest.lock */ = {
			isa = PBXShellScriptBuildPhase;
			buildActionMask = 2147483647;
			files = (
			);
			inputPaths = (
				"${PODS_PODFILE_DIR_PATH}/Podfile.lock",
				"${PODS_ROOT}/Manifest.lock",
			);
			name = "[CP] Check Pods Manifest.lock";
			outputPaths = (
				"$(DERIVED_FILE_DIR)/Pods-Egg Timer Prototype-checkManifestLockResult.txt",
			);
			runOnlyForDeploymentPostprocessing = 0;
			shellPath = /bin/sh;
			shellScript = "diff \"${PODS_PODFILE_DIR_PATH}/Podfile.lock\" \"${PODS_ROOT}/Manifest.lock\" > /dev/null\nif [ $? != 0 ] ; then\n    # print error to STDERR\n    echo \"error: The sandbox is not in sync with the Podfile.lock. Run 'pod install' or update your CocoaPods installation.\" >&2\n    exit 1\nfi\n# This output is used by Xcode 'outputs' to avoid re-running this script phase.\necho \"SUCCESS\" > \"${SCRIPT_OUTPUT_FILE_0}\"\n";
			showEnvVarsInLog = 0;
		};
		49C731C1E7D48026B5E741A7 /* [CP] Embed Pods Frameworks */ = {
			isa = PBXShellScriptBuildPhase;
			buildActionMask = 2147483647;
			files = (
			);
			inputPaths = (
				"${SRCROOT}/Pods/Target Support Files/Pods-Egg Timer Prototype/Pods-Egg Timer Prototype-frameworks.sh",
				"${BUILT_PRODUCTS_DIR}/SwipeUpView/SwipeUpView.framework",
				"${BUILT_PRODUCTS_DIR}/UICircularProgressRing/UICircularProgressRing.framework",
			);
			name = "[CP] Embed Pods Frameworks";
			outputPaths = (
				"${TARGET_BUILD_DIR}/${FRAMEWORKS_FOLDER_PATH}/SwipeUpView.framework",
				"${TARGET_BUILD_DIR}/${FRAMEWORKS_FOLDER_PATH}/UICircularProgressRing.framework",
			);
			runOnlyForDeploymentPostprocessing = 0;
			shellPath = /bin/sh;
			shellScript = "\"${SRCROOT}/Pods/Target Support Files/Pods-Egg Timer Prototype/Pods-Egg Timer Prototype-frameworks.sh\"\n";
			showEnvVarsInLog = 0;
		};
		691F037A8506AFA8DE0A95EC /* [CP] Check Pods Manifest.lock */ = {
			isa = PBXShellScriptBuildPhase;
			buildActionMask = 2147483647;
			files = (
			);
			inputPaths = (
				"${PODS_PODFILE_DIR_PATH}/Podfile.lock",
				"${PODS_ROOT}/Manifest.lock",
			);
			name = "[CP] Check Pods Manifest.lock";
			outputPaths = (
				"$(DERIVED_FILE_DIR)/Pods-Egg Timer PrototypeUITests-checkManifestLockResult.txt",
			);
			runOnlyForDeploymentPostprocessing = 0;
			shellPath = /bin/sh;
			shellScript = "diff \"${PODS_PODFILE_DIR_PATH}/Podfile.lock\" \"${PODS_ROOT}/Manifest.lock\" > /dev/null\nif [ $? != 0 ] ; then\n    # print error to STDERR\n    echo \"error: The sandbox is not in sync with the Podfile.lock. Run 'pod install' or update your CocoaPods installation.\" >&2\n    exit 1\nfi\n# This output is used by Xcode 'outputs' to avoid re-running this script phase.\necho \"SUCCESS\" > \"${SCRIPT_OUTPUT_FILE_0}\"\n";
			showEnvVarsInLog = 0;
		};
		C587F9F01C04663D834F7875 /* [CP] Check Pods Manifest.lock */ = {
			isa = PBXShellScriptBuildPhase;
			buildActionMask = 2147483647;
			files = (
			);
			inputPaths = (
				"${PODS_PODFILE_DIR_PATH}/Podfile.lock",
				"${PODS_ROOT}/Manifest.lock",
			);
			name = "[CP] Check Pods Manifest.lock";
			outputPaths = (
				"$(DERIVED_FILE_DIR)/Pods-Egg Timer PrototypeTests-checkManifestLockResult.txt",
			);
			runOnlyForDeploymentPostprocessing = 0;
			shellPath = /bin/sh;
			shellScript = "diff \"${PODS_PODFILE_DIR_PATH}/Podfile.lock\" \"${PODS_ROOT}/Manifest.lock\" > /dev/null\nif [ $? != 0 ] ; then\n    # print error to STDERR\n    echo \"error: The sandbox is not in sync with the Podfile.lock. Run 'pod install' or update your CocoaPods installation.\" >&2\n    exit 1\nfi\n# This output is used by Xcode 'outputs' to avoid re-running this script phase.\necho \"SUCCESS\" > \"${SCRIPT_OUTPUT_FILE_0}\"\n";
			showEnvVarsInLog = 0;
		};
/* End PBXShellScriptBuildPhase section */

/* Begin PBXSourcesBuildPhase section */
		F0C25BF920CBD1CA009F4455 /* Sources */ = {
			isa = PBXSourcesBuildPhase;
			buildActionMask = 2147483647;
			files = (
				F092531A213C68BB00CE9355 /* DoneScreenView.swift in Sources */,
				F05D524320D9A2E1009D7BB3 /* UIView+Extension.swift in Sources */,
				F09F844D212710A60033D09C /* Guidance.swift in Sources */,
				F03C69FE2127234500F53482 /* ProgramaticViewController.swift in Sources */,
				F0C188102125823800D43E4E /* Eggs.swift in Sources */,
				F03C6A00212E094900F53482 /* UIColor+Extension.swift in Sources */,
				F00A41B320CC07BB00CD5F72 /* CircularRoundedButton.swift in Sources */,
				F00A41A620CBF97200CD5F72 /* MainViewController.swift in Sources */,
				F00A41B120CC05D700CD5F72 /* BoilRoundedButton.swift in Sources */,
				F00A41B520D19C2700CD5F72 /* Egg.swift in Sources */,
				F05D523D20D55178009D7BB3 /* UIPageControl+Extension.swift in Sources */,
				F0F252FB20E2BFF10097B4F7 /* UNService.swift in Sources */,
				F0C25C0120CBD1CA009F4455 /* AppDelegate.swift in Sources */,
				F05D524120D567B6009D7BB3 /* DoneViewController.swift in Sources */,
				F00A41BD20D1A3E700CD5F72 /* EggSelector.swift in Sources */,
				F04C218620E90748006584E8 /* SettingsViewController.swift in Sources */,
				F00A41AF20CC035F00CD5F72 /* RoundedButton.swift in Sources */,
				F05D523F20D5523E009D7BB3 /* Constants.swift in Sources */,
			);
			runOnlyForDeploymentPostprocessing = 0;
		};
		F0C25C0D20CBD1CC009F4455 /* Sources */ = {
			isa = PBXSourcesBuildPhase;
			buildActionMask = 2147483647;
			files = (
				F0C25C1620CBD1CC009F4455 /* Egg_Timer_PrototypeTests.swift in Sources */,
			);
			runOnlyForDeploymentPostprocessing = 0;
		};
		F0C25C1820CBD1CC009F4455 /* Sources */ = {
			isa = PBXSourcesBuildPhase;
			buildActionMask = 2147483647;
			files = (
				F0C25C2120CBD1CC009F4455 /* Egg_Timer_PrototypeUITests.swift in Sources */,
			);
			runOnlyForDeploymentPostprocessing = 0;
		};
/* End PBXSourcesBuildPhase section */

/* Begin PBXTargetDependency section */
		F0C25C1320CBD1CC009F4455 /* PBXTargetDependency */ = {
			isa = PBXTargetDependency;
			target = F0C25BFC20CBD1CA009F4455 /* Egg Timer Prototype */;
			targetProxy = F0C25C1220CBD1CC009F4455 /* PBXContainerItemProxy */;
		};
		F0C25C1E20CBD1CC009F4455 /* PBXTargetDependency */ = {
			isa = PBXTargetDependency;
			target = F0C25BFC20CBD1CA009F4455 /* Egg Timer Prototype */;
			targetProxy = F0C25C1D20CBD1CC009F4455 /* PBXContainerItemProxy */;
		};
/* End PBXTargetDependency section */

/* Begin PBXVariantGroup section */
		F0C25C0420CBD1CA009F4455 /* Main.storyboard */ = {
			isa = PBXVariantGroup;
			children = (
				F0C25C0520CBD1CA009F4455 /* Base */,
			);
			name = Main.storyboard;
			sourceTree = "<group>";
		};
		F0C25C0920CBD1CC009F4455 /* LaunchScreen.storyboard */ = {
			isa = PBXVariantGroup;
			children = (
				F0C25C0A20CBD1CC009F4455 /* Base */,
			);
			name = LaunchScreen.storyboard;
			sourceTree = "<group>";
		};
/* End PBXVariantGroup section */

/* Begin XCBuildConfiguration section */
		F0C25C2320CBD1CC009F4455 /* Debug */ = {
			isa = XCBuildConfiguration;
			buildSettings = {
				ALWAYS_SEARCH_USER_PATHS = NO;
				CLANG_ANALYZER_NONNULL = YES;
				CLANG_ANALYZER_NUMBER_OBJECT_CONVERSION = YES_AGGRESSIVE;
				CLANG_CXX_LANGUAGE_STANDARD = "gnu++14";
				CLANG_CXX_LIBRARY = "libc++";
				CLANG_ENABLE_MODULES = YES;
				CLANG_ENABLE_OBJC_ARC = YES;
				CLANG_ENABLE_OBJC_WEAK = YES;
				CLANG_WARN_BLOCK_CAPTURE_AUTORELEASING = YES;
				CLANG_WARN_BOOL_CONVERSION = YES;
				CLANG_WARN_COMMA = YES;
				CLANG_WARN_CONSTANT_CONVERSION = YES;
				CLANG_WARN_DEPRECATED_OBJC_IMPLEMENTATIONS = YES;
				CLANG_WARN_DIRECT_OBJC_ISA_USAGE = YES_ERROR;
				CLANG_WARN_DOCUMENTATION_COMMENTS = YES;
				CLANG_WARN_EMPTY_BODY = YES;
				CLANG_WARN_ENUM_CONVERSION = YES;
				CLANG_WARN_INFINITE_RECURSION = YES;
				CLANG_WARN_INT_CONVERSION = YES;
				CLANG_WARN_NON_LITERAL_NULL_CONVERSION = YES;
				CLANG_WARN_OBJC_IMPLICIT_RETAIN_SELF = YES;
				CLANG_WARN_OBJC_LITERAL_CONVERSION = YES;
				CLANG_WARN_OBJC_ROOT_CLASS = YES_ERROR;
				CLANG_WARN_RANGE_LOOP_ANALYSIS = YES;
				CLANG_WARN_STRICT_PROTOTYPES = YES;
				CLANG_WARN_SUSPICIOUS_MOVE = YES;
				CLANG_WARN_UNGUARDED_AVAILABILITY = YES_AGGRESSIVE;
				CLANG_WARN_UNREACHABLE_CODE = YES;
				CLANG_WARN__DUPLICATE_METHOD_MATCH = YES;
				CODE_SIGN_IDENTITY = "iPhone Developer";
				COPY_PHASE_STRIP = NO;
				DEBUG_INFORMATION_FORMAT = dwarf;
				ENABLE_STRICT_OBJC_MSGSEND = YES;
				ENABLE_TESTABILITY = YES;
				GCC_C_LANGUAGE_STANDARD = gnu11;
				GCC_DYNAMIC_NO_PIC = NO;
				GCC_NO_COMMON_BLOCKS = YES;
				GCC_OPTIMIZATION_LEVEL = 0;
				GCC_PREPROCESSOR_DEFINITIONS = (
					"DEBUG=1",
					"$(inherited)",
				);
				GCC_WARN_64_TO_32_BIT_CONVERSION = YES;
				GCC_WARN_ABOUT_RETURN_TYPE = YES_ERROR;
				GCC_WARN_UNDECLARED_SELECTOR = YES;
				GCC_WARN_UNINITIALIZED_AUTOS = YES_AGGRESSIVE;
				GCC_WARN_UNUSED_FUNCTION = YES;
				GCC_WARN_UNUSED_VARIABLE = YES;
				IPHONEOS_DEPLOYMENT_TARGET = 11.3;
				MTL_ENABLE_DEBUG_INFO = YES;
				ONLY_ACTIVE_ARCH = YES;
				SDKROOT = iphoneos;
				SWIFT_ACTIVE_COMPILATION_CONDITIONS = DEBUG;
				SWIFT_OPTIMIZATION_LEVEL = "-Onone";
			};
			name = Debug;
		};
		F0C25C2420CBD1CC009F4455 /* Release */ = {
			isa = XCBuildConfiguration;
			buildSettings = {
				ALWAYS_SEARCH_USER_PATHS = NO;
				CLANG_ANALYZER_NONNULL = YES;
				CLANG_ANALYZER_NUMBER_OBJECT_CONVERSION = YES_AGGRESSIVE;
				CLANG_CXX_LANGUAGE_STANDARD = "gnu++14";
				CLANG_CXX_LIBRARY = "libc++";
				CLANG_ENABLE_MODULES = YES;
				CLANG_ENABLE_OBJC_ARC = YES;
				CLANG_ENABLE_OBJC_WEAK = YES;
				CLANG_WARN_BLOCK_CAPTURE_AUTORELEASING = YES;
				CLANG_WARN_BOOL_CONVERSION = YES;
				CLANG_WARN_COMMA = YES;
				CLANG_WARN_CONSTANT_CONVERSION = YES;
				CLANG_WARN_DEPRECATED_OBJC_IMPLEMENTATIONS = YES;
				CLANG_WARN_DIRECT_OBJC_ISA_USAGE = YES_ERROR;
				CLANG_WARN_DOCUMENTATION_COMMENTS = YES;
				CLANG_WARN_EMPTY_BODY = YES;
				CLANG_WARN_ENUM_CONVERSION = YES;
				CLANG_WARN_INFINITE_RECURSION = YES;
				CLANG_WARN_INT_CONVERSION = YES;
				CLANG_WARN_NON_LITERAL_NULL_CONVERSION = YES;
				CLANG_WARN_OBJC_IMPLICIT_RETAIN_SELF = YES;
				CLANG_WARN_OBJC_LITERAL_CONVERSION = YES;
				CLANG_WARN_OBJC_ROOT_CLASS = YES_ERROR;
				CLANG_WARN_RANGE_LOOP_ANALYSIS = YES;
				CLANG_WARN_STRICT_PROTOTYPES = YES;
				CLANG_WARN_SUSPICIOUS_MOVE = YES;
				CLANG_WARN_UNGUARDED_AVAILABILITY = YES_AGGRESSIVE;
				CLANG_WARN_UNREACHABLE_CODE = YES;
				CLANG_WARN__DUPLICATE_METHOD_MATCH = YES;
				CODE_SIGN_IDENTITY = "iPhone Developer";
				COPY_PHASE_STRIP = NO;
				DEBUG_INFORMATION_FORMAT = "dwarf-with-dsym";
				ENABLE_NS_ASSERTIONS = NO;
				ENABLE_STRICT_OBJC_MSGSEND = YES;
				GCC_C_LANGUAGE_STANDARD = gnu11;
				GCC_NO_COMMON_BLOCKS = YES;
				GCC_WARN_64_TO_32_BIT_CONVERSION = YES;
				GCC_WARN_ABOUT_RETURN_TYPE = YES_ERROR;
				GCC_WARN_UNDECLARED_SELECTOR = YES;
				GCC_WARN_UNINITIALIZED_AUTOS = YES_AGGRESSIVE;
				GCC_WARN_UNUSED_FUNCTION = YES;
				GCC_WARN_UNUSED_VARIABLE = YES;
				IPHONEOS_DEPLOYMENT_TARGET = 11.3;
				MTL_ENABLE_DEBUG_INFO = NO;
				SDKROOT = iphoneos;
				SWIFT_COMPILATION_MODE = wholemodule;
				SWIFT_OPTIMIZATION_LEVEL = "-O";
				VALIDATE_PRODUCT = YES;
			};
			name = Release;
		};
		F0C25C2620CBD1CC009F4455 /* Debug */ = {
			isa = XCBuildConfiguration;
			baseConfigurationReference = 3338886AF5B3E614A0213357 /* Pods-Egg Timer Prototype.debug.xcconfig */;
			buildSettings = {
				ASSETCATALOG_COMPILER_APPICON_NAME = AppIcon;
				CODE_SIGN_STYLE = Automatic;
				DEVELOPMENT_TEAM = 6YRYEG2DL8;
				INFOPLIST_FILE = "Egg Timer Prototype/Info.plist";
				LD_RUNPATH_SEARCH_PATHS = (
					"$(inherited)",
					"@executable_path/Frameworks",
				);
				PRODUCT_BUNDLE_IDENTIFIER = "com.landahoy55.Egg-Timer-Prototype";
				PRODUCT_NAME = "$(TARGET_NAME)";
				SWIFT_VERSION = 4.0;
				TARGETED_DEVICE_FAMILY = "1,2";
			};
			name = Debug;
		};
		F0C25C2720CBD1CC009F4455 /* Release */ = {
			isa = XCBuildConfiguration;
			baseConfigurationReference = 91510AD16CED9415581188C6 /* Pods-Egg Timer Prototype.release.xcconfig */;
			buildSettings = {
				ASSETCATALOG_COMPILER_APPICON_NAME = AppIcon;
				CODE_SIGN_STYLE = Automatic;
				DEVELOPMENT_TEAM = 6YRYEG2DL8;
				INFOPLIST_FILE = "Egg Timer Prototype/Info.plist";
				LD_RUNPATH_SEARCH_PATHS = (
					"$(inherited)",
					"@executable_path/Frameworks",
				);
				PRODUCT_BUNDLE_IDENTIFIER = "com.landahoy55.Egg-Timer-Prototype";
				PRODUCT_NAME = "$(TARGET_NAME)";
				SWIFT_VERSION = 4.0;
				TARGETED_DEVICE_FAMILY = "1,2";
			};
			name = Release;
		};
		F0C25C2920CBD1CC009F4455 /* Debug */ = {
			isa = XCBuildConfiguration;
			baseConfigurationReference = 0BFEC8AFB7A5E47D693A2DAB /* Pods-Egg Timer PrototypeTests.debug.xcconfig */;
			buildSettings = {
				ALWAYS_EMBED_SWIFT_STANDARD_LIBRARIES = YES;
				BUNDLE_LOADER = "$(TEST_HOST)";
				CODE_SIGN_STYLE = Automatic;
				DEVELOPMENT_TEAM = 6YRYEG2DL8;
				INFOPLIST_FILE = "Egg Timer PrototypeTests/Info.plist";
				LD_RUNPATH_SEARCH_PATHS = (
					"$(inherited)",
					"@executable_path/Frameworks",
					"@loader_path/Frameworks",
				);
				PRODUCT_BUNDLE_IDENTIFIER = "com.landahoy55.Egg-Timer-PrototypeTests";
				PRODUCT_NAME = "$(TARGET_NAME)";
				SWIFT_VERSION = 4.0;
				TARGETED_DEVICE_FAMILY = "1,2";
				TEST_HOST = "$(BUILT_PRODUCTS_DIR)/Egg Timer Prototype.app/Egg Timer Prototype";
			};
			name = Debug;
		};
		F0C25C2A20CBD1CC009F4455 /* Release */ = {
			isa = XCBuildConfiguration;
			baseConfigurationReference = B69AEE497A8FBFBEB73154DE /* Pods-Egg Timer PrototypeTests.release.xcconfig */;
			buildSettings = {
				ALWAYS_EMBED_SWIFT_STANDARD_LIBRARIES = YES;
				BUNDLE_LOADER = "$(TEST_HOST)";
				CODE_SIGN_STYLE = Automatic;
				DEVELOPMENT_TEAM = 6YRYEG2DL8;
				INFOPLIST_FILE = "Egg Timer PrototypeTests/Info.plist";
				LD_RUNPATH_SEARCH_PATHS = (
					"$(inherited)",
					"@executable_path/Frameworks",
					"@loader_path/Frameworks",
				);
				PRODUCT_BUNDLE_IDENTIFIER = "com.landahoy55.Egg-Timer-PrototypeTests";
				PRODUCT_NAME = "$(TARGET_NAME)";
				SWIFT_VERSION = 4.0;
				TARGETED_DEVICE_FAMILY = "1,2";
				TEST_HOST = "$(BUILT_PRODUCTS_DIR)/Egg Timer Prototype.app/Egg Timer Prototype";
			};
			name = Release;
		};
		F0C25C2C20CBD1CC009F4455 /* Debug */ = {
			isa = XCBuildConfiguration;
			baseConfigurationReference = 11F23EB1227EE76ED0C4E65F /* Pods-Egg Timer PrototypeUITests.debug.xcconfig */;
			buildSettings = {
				ALWAYS_EMBED_SWIFT_STANDARD_LIBRARIES = YES;
				CODE_SIGN_STYLE = Automatic;
				DEVELOPMENT_TEAM = 6YRYEG2DL8;
				INFOPLIST_FILE = "Egg Timer PrototypeUITests/Info.plist";
				LD_RUNPATH_SEARCH_PATHS = (
					"$(inherited)",
					"@executable_path/Frameworks",
					"@loader_path/Frameworks",
				);
				PRODUCT_BUNDLE_IDENTIFIER = "com.landahoy55.Egg-Timer-PrototypeUITests";
				PRODUCT_NAME = "$(TARGET_NAME)";
				SWIFT_VERSION = 4.0;
				TARGETED_DEVICE_FAMILY = "1,2";
				TEST_TARGET_NAME = "Egg Timer Prototype";
			};
			name = Debug;
		};
		F0C25C2D20CBD1CC009F4455 /* Release */ = {
			isa = XCBuildConfiguration;
			baseConfigurationReference = F9E125B8658B88629EAC5B84 /* Pods-Egg Timer PrototypeUITests.release.xcconfig */;
			buildSettings = {
				ALWAYS_EMBED_SWIFT_STANDARD_LIBRARIES = YES;
				CODE_SIGN_STYLE = Automatic;
				DEVELOPMENT_TEAM = 6YRYEG2DL8;
				INFOPLIST_FILE = "Egg Timer PrototypeUITests/Info.plist";
				LD_RUNPATH_SEARCH_PATHS = (
					"$(inherited)",
					"@executable_path/Frameworks",
					"@loader_path/Frameworks",
				);
				PRODUCT_BUNDLE_IDENTIFIER = "com.landahoy55.Egg-Timer-PrototypeUITests";
				PRODUCT_NAME = "$(TARGET_NAME)";
				SWIFT_VERSION = 4.0;
				TARGETED_DEVICE_FAMILY = "1,2";
				TEST_TARGET_NAME = "Egg Timer Prototype";
			};
			name = Release;
		};
/* End XCBuildConfiguration section */

/* Begin XCConfigurationList section */
		F0C25BF820CBD1CA009F4455 /* Build configuration list for PBXProject "Egg Timer Prototype" */ = {
			isa = XCConfigurationList;
			buildConfigurations = (
				F0C25C2320CBD1CC009F4455 /* Debug */,
				F0C25C2420CBD1CC009F4455 /* Release */,
			);
			defaultConfigurationIsVisible = 0;
			defaultConfigurationName = Release;
		};
		F0C25C2520CBD1CC009F4455 /* Build configuration list for PBXNativeTarget "Egg Timer Prototype" */ = {
			isa = XCConfigurationList;
			buildConfigurations = (
				F0C25C2620CBD1CC009F4455 /* Debug */,
				F0C25C2720CBD1CC009F4455 /* Release */,
			);
			defaultConfigurationIsVisible = 0;
			defaultConfigurationName = Release;
		};
		F0C25C2820CBD1CC009F4455 /* Build configuration list for PBXNativeTarget "Egg Timer PrototypeTests" */ = {
			isa = XCConfigurationList;
			buildConfigurations = (
				F0C25C2920CBD1CC009F4455 /* Debug */,
				F0C25C2A20CBD1CC009F4455 /* Release */,
			);
			defaultConfigurationIsVisible = 0;
			defaultConfigurationName = Release;
		};
		F0C25C2B20CBD1CC009F4455 /* Build configuration list for PBXNativeTarget "Egg Timer PrototypeUITests" */ = {
			isa = XCConfigurationList;
			buildConfigurations = (
				F0C25C2C20CBD1CC009F4455 /* Debug */,
				F0C25C2D20CBD1CC009F4455 /* Release */,
			);
			defaultConfigurationIsVisible = 0;
			defaultConfigurationName = Release;
		};
/* End XCConfigurationList section */
	};
	rootObject = F0C25BF520CBD1CA009F4455 /* Project object */;
}
